# This file is autogenerated, do not edit; changes may be undone by the next 'dep ensure'.


[[projects]]
  branch = "master"
  digest = "1:982e9bd290b261c0a934b1c11122f5551cc5dadc9b8cb7d8710f9ee2cc863f05"
  name = "github.com/cloud66-oss/updater"
  packages = ["."]
  pruneopts = "UT"
  revision = "020aa19e3032846e96a0f8c4fa7da7c6c4401a81"

[[projects]]
  digest = "1:88e0b0baeb9072f0a4afbcf12dda615fc8be001d1802357538591155998da21b"
  name = "github.com/hashicorp/go-version"
  packages = ["."]
  pruneopts = "UT"
  revision = "ac23dc3fea5d1a983c43f6a0f6e2c13f0195d8bd"
  version = "v1.2.0"

[[projects]]
  digest = "1:870d441fe217b8e689d7949fef6e43efbc787e50f200cb1e70dbca9204a1d6be"
  name = "github.com/inconshreveable/mousetrap"
  packages = ["."]
  pruneopts = "UT"
  revision = "76626ae9c91c4f2a10f34cad8ce83ea42c93bb75"
  version = "v1.0"

[[projects]]
  digest = "1:31e761d97c76151dde79e9d28964a812c46efc5baee4085b86f68f0c654450de"
  name = "github.com/konsorten/go-windows-terminal-sequences"
  packages = ["."]
  pruneopts = "UT"
  revision = "f55edac94c9bbba5d6182a4be46d86a2c9b5b50e"
  version = "v1.0.2"

[[projects]]
  branch = "master"
  digest = "1:3e09b51c8e509155d306b638cbf19289c3f13509fec1132472274b34143a5810"
  name = "github.com/mitchellh/ioprogress"
  packages = ["."]
  pruneopts = "UT"
  revision = "6a23b12fa88ea53e63d9b49f148fe6b29c30af6d"

[[projects]]
  digest = "1:0599141a8403114d34f1e546604ad6c5361b70dfa80e80c635f438cdbf71b43a"
  name = "github.com/sirupsen/logrus"
  packages = ["."]
  pruneopts = "UT"
  revision = "d417be0fe654de640a82370515129985b407c7e3"
  version = "v1.5.0"

[[projects]]
  digest = "1:1e80255eea46af2e2db7da90f95e4b5cfe84f3b58d9a8598ec35b0f2a75c60e4"
  name = "github.com/spf13/cobra"
  packages = ["."]
  pruneopts = "UT"
  revision = "6607e6b8603f56adb027298ee6695e06ffb3a819"
  version = "0.0.7"

[[projects]]
  digest = "1:524b71991fc7d9246cc7dc2d9e0886ccb97648091c63e30eef619e6862c955dd"
  name = "github.com/spf13/pflag"
  packages = ["."]
  pruneopts = "UT"
  revision = "2e9d26c8c37aae03e3f9d4e90b7116f5accb7cab"
  version = "v1.0.5"

[[projects]]
  branch = "master"
  digest = "1:842f1500cf319662226ee2f897aa1bf5e9228bb851af8a9aaef5c425fe90f14e"
  name = "golang.org/x/sys"
  packages = ["unix"]
  pruneopts = "UT"
  revision = "c3d80250170dec19bf61949c81233cede5ddaf61"

[solve-meta]
  analyzer-name = "dep"
  analyzer-version = 1
  input-imports = [
    "github.com/cloud66-oss/updater",
    "github.com/sirupsen/logrus",
    "github.com/spf13/cobra",
  ]
  solver-name = "gps-cdcl"
  solver-version = 1
